Microsoft Visual Studio Solution File, Format Version 11.00
# Visual Studio 2008

Project("{A8F8EE5C-8D28-1794-00A5-C6FAEF3B42FD}") = "Pro Camera 2D 2.1.3", "Assembly-CSharp.csproj", "{DBA15D89-6E9C-B09B-6000-5E404515A897}"
EndProject
Project("{A8F8EE5C-8D28-1794-00A5-C6FAEF3B42FD}") = "Pro Camera 2D 2.1.3", "Assembly-CSharp-Editor.csproj", "{04F7AC65-5AC3-9D75-F594-ABE2B217D365}"
EndProject
Global
	GlobalSection(SolutionConfigurationPlatforms) = preSolution
		Debug|Any CPU = Debug|Any CPU
		Release|Any CPU = Release|Any CPU
	EndGlobalSection
	GlobalSection(ProjectConfigurationPlatforms) = postSolution
		{DBA15D89-6E9C-B09B-6000-5E404515A897}.Debug|Any CPU.ActiveCfg = Debug|Any CPU
		{DBA15D89-6E9C-B09B-6000-5E404515A897}.Debug|Any CPU.Build.0 = Debug|Any CPU
		{DBA15D89-6E9C-B09B-6000-5E404515A897}.Release|Any CPU.ActiveCfg = Release|Any CPU
		{DBA15D89-6E9C-B09B-6000-5E404515A897}.Release|Any CPU.Build.0 = Release|Any CPU
		{04F7AC65-5AC3-9D75-F594-ABE2B217D365}.Debug|Any CPU.ActiveCfg = Debug|Any CPU
		{04F7AC65-5AC3-9D75-F594-ABE2B217D365}.Debug|Any CPU.Build.0 = Debug|Any CPU
		{04F7AC65-5AC3-9D75-F594-ABE2B217D365}.Release|Any CPU.ActiveCfg = Release|Any CPU
		{04F7AC65-5AC3-9D75-F594-ABE2B217D365}.Release|Any CPU.Build.0 = Release|Any CPU
	EndGlobalSection
	GlobalSection(SolutionProperties) = preSolution
		HideSolutionNode = FALSE
	EndGlobalSection
	GlobalSection(MonoDevelopProperties) = preSolution
		StartupItem = Assembly-CSharp.csproj
	EndGlobalSection
EndGlobal
